// !$*UTF8*$!
{
	archiveVersion = 1;
	classes = {
	};
	objectVersion = 46;
	objects = {

/* Begin PBXBuildFile section */
		33123C841D7602C700C074D7 /* AppDelegate.swift in Sources */ = {isa = PBXBuildFile; fileRef = 33123C831D7602C700C074D7 /* AppDelegate.swift */; };
		33123C861D7602C700C074D7 /* ViewController.swift in Sources */ = {isa = PBXBuildFile; fileRef = 33123C851D7602C700C074D7 /* ViewController.swift */; };
		33123C891D7602C700C074D7 /* Main.storyboard in Resources */ = {isa = PBXBuildFile; fileRef = 33123C871D7602C700C074D7 /* Main.storyboard */; };
		33123C8B1D7602C700C074D7 /* Assets.xcassets in Resources */ = {isa = PBXBuildFile; fileRef = 33123C8A1D7602C700C074D7 /* Assets.xcassets */; };
		33123C8E1D7602C700C074D7 /* LaunchScreen.storyboard in Resources */ = {isa = PBXBuildFile; fileRef = 33123C8C1D7602C700C074D7 /* LaunchScreen.storyboard */; };
/* End PBXBuildFile section */

/* Begin PBXFileReference section */
		33123C801D7602C700C074D7 /* TableViewInTableHeaderView.app */ = {isa = PBXFileReference; explicitFileType = wrapper.application; includeInIndex = 0; path = TableViewInTableHeaderView.app; sourceTree = BUILT_PRODUCTS_DIR; };
		33123C831D7602C700C074D7 /* AppDelegate.swift */ = {isa = PBXFileReference; lastKnownFileType = sourcecode.swift; path = AppDelegate.swift; sourceTree = "<group>"; };
		33123C851D7602C700C074D7 /* ViewController.swift */ = {isa = PBXFileReference; lastKnownFileType = sourcecode.swift; path = ViewController.swift; sourceTree = "<group>"; };
		33123C881D7602C700C074D7 /* Base */ = {isa = PBXFileReference; lastKnownFileType = file.storyboard; name = Base; path = Base.lproj/Main.storyboard; sourceTree = "<group>"; };
		33123C8A1D7602C700C074D7 /* Assets.xcassets */ = {isa = PBXFileReference; lastKnownFileType = folder.assetcatalog; path = Assets.xcassets; sourceTree = "<group>"; };
		33123C8D1D7602C700C074D7 /* Base */ = {isa = PBXFileReference; lastKnownFileType = file.storyboard; name = Base; path = Base.lproj/LaunchScreen.storyboard; sourceTree = "<group>"; };
		33123C8F1D7602C700C074D7 /* Info.plist */ = {isa = PBXFileReference; lastKnownFileType = text.plist.xml; path = Info.plist; sourceTree = "<group>"; };
/* End PBXFileReference section */

/* Begin PBXFrameworksBuildPhase section */
		33123C7D1D7602C700C074D7 /* Frameworks */ = {
			isa = PBXFrameworksBuildPhase;
			buildActionMask = 2147483647;
			files = (
			);
			runOnlyForDeploymentPostprocessing = 0;
		};
/* End PBXFrameworksBuildPhase section */

/* Begin PBXGroup section */
		33123C771D7602C700C074D7 = {
			isa = PBXGroup;
			children = (
				33123C821D7602C700C074D7 /* TableViewInTableHeaderView */,
				33123C811D7602C700C074D7 /* Products */,
			);
			sourceTree = "<group>";
		};
		33123C811D7602C700C074D7 /* Products */ = {
			isa = PBXGroup;
			children = (
				33123C801D7602C700C074D7 /* TableViewInTableHeaderView.app */,
			);
			name = Products;
			sourceTree = "<group>";
		};
		33123C821D7602C700C074D7 /* TableViewInTableHeaderView */ = {
			isa = PBXGroup;
			children = (
				33123C831D7602C700C074D7 /* AppDelegate.swift */,
				33123C851D7602C700C074D7 /* ViewController.swift */,
				33123C871D7602C700C074D7 /* Main.storyboard */,
				33123C8A1D7602C700C074D7 /* Assets.xcassets */,
				33123C8C1D7602C700C074D7 /* LaunchScreen.storyboard */,
				33123C8F1D7602C700C074D7 /* Info.plist */,
			);
			path = TableViewInTableHeaderView;
			sourceTree = "<group>";
		};
/* End PBXGroup section */

/* Begin PBXNativeTarget section */
		33123C7F1D7602C700C074D7 /* TableViewInTableHeaderView */ = {
			isa = PBXNativeTarget;
			buildConfigurationList = 33123C921D7602C700C074D7 /* Build configuration list for PBXNativeTarget "TableViewInTableHeaderView" */;
			buildPhases = (
				33123C7C1D7602C700C074D7 /* Sources */,
				33123C7D1D7602C700C074D7 /* Frameworks */,
				33123C7E1D7602C700C074D7 /* Resources */,
			);
			buildRules = (
			);
			dependencies = (
			);
			name = TableViewInTableHeaderView;
			productName = TableViewInTableHeaderView;
			productReference = 33123C801D7602C700C074D7 /* TableViewInTableHeaderView.app */;
			productType = "com.apple.product-type.application";
		};
/* End PBXNativeTarget section */

/* Begin PBXProject section */
		33123C781D7602C700C074D7 /* Project object */ = {
			isa = PBXProject;
			attributes = {
				LastSwiftUpdateCheck = 0730;
				LastUpgradeCheck = 0730;
				ORGANIZATIONNAME = "Alexey Ivanov";
				TargetAttributes = {
					33123C7F1D7602C700C074D7 = {
						CreatedOnToolsVersion = 7.3.1;
					};
				};
			};
			buildConfigurationList = 33123C7B1D7602C700C074D7 /* Build configuration list for PBXProject "TableViewInTableHeaderView" */;
			compatibilityVersion = "Xcode 3.2";
			developmentRegion = English;
			hasScannedForEncodings = 0;
			knownRegions = (
				en,
				Base,
			);
			mainGroup = 33123C771D7602C700C074D7;
			productRefGroup = 33123C811D7602C700C074D7 /* Products */;
			projectDirPath = "";
			projectRoot = "";
			targets = (
				33123C7F1D7602C700C074D7 /* TableViewInTableHeaderView */,
			);
		};
/* End PBXProject section */

/* Begin PBXResourcesBuildPhase section */
		33123C7E1D7602C700C074D7 /* Resources */ = {
			isa = PBXResourcesBuildPhase;
			buildActionMask = 2147483647;
			files = (
				33123C8E1D7602C700C074D7 /* LaunchScreen.storyboard in Resources */,
				33123C8B1D7602C700C074D7 /* Assets.xcassets in Resources */,
				33123C891D7602C700C074D7 /* Main.storyboard in Resources */,
			);
			runOnlyForDeploymentPostprocessing = 0;
		};
/* End PBXResourcesBuildPhase section */

/* Begin PBXSourcesBuildPhase section */
		33123C7C1D7602C700C074D7 /* Sources */ = {
			isa = PBXSourcesBuildPhase;
			buildActionMask = 2147483647;
			files = (
				33123C861D7602C700C074D7 /* ViewController.swift in Sources */,
				33123C841D7602C700C074D7 /* AppDelegate.swift in Sources */,
			);
			runOnlyForDeploymentPostprocessing = 0;
		};
/* End PBXSourcesBuildPhase section */

/* Begin PBXVariantGroup section */
		33123C871D7602C700C074D7 /* Main.storyboard */ = {
			isa = PBXVariantGroup;
			children = (
				33123C881D7602C700C074D7 /* Base */,
			);
			name = Main.storyboard;
			sourceTree = "<group>";
		};
		33123C8C1D7602C700C074D7 /* LaunchScreen.storyboard */ = {
			isa = PBXVariantGroup;
			children = (
				33123C8D1D7602C700C074D7 /* Base */,
			);
			name = LaunchScreen.storyboard;
			sourceTree = "<group>";
		};
/* End PBXVariantGroup section */

/* Begin XCBuildConfiguration section */
		33123C901D7602C700C074D7 /* Debug */ = {
			isa = XCBuildConfiguration;
			buildSettings = {
				ALWAYS_SEARCH_USER_PATHS = NO;
				CLANG_ANALYZER_NONNULL = YES;
				CLANG_CXX_LANGUAGE_STANDARD = "gnu++0x";
				CLANG_CXX_LIBRARY = "libc++";
				CLANG_ENABLE_MODULES = YES;
				CLANG_ENABLE_OBJC_ARC = YES;
				CLANG_WARN_BOOL_CONVERSION = YES;
				CLANG_WARN_CONSTANT_CONVERSION = YES;
				CLANG_WARN_DIRECT_OBJC_ISA_USAGE = YES_ERROR;
				CLANG_WARN_EMPTY_BODY = YES;
				CLANG_WARN_ENUM_CONVERSION = YES;
				CLANG_WARN_INT_CONVERSION = YES;
				CLANG_WARN_OBJC_ROOT_CLASS = YES_ERROR;
				CLANG_WARN_UNREACHABLE_CODE = YES;
				CLANG_WARN__DUPLICATE_METHOD_MATCH = YES;
				"CODE_SIGN_IDENTITY[sdk=iphoneos*]" = "iPhone Developer";
				COPY_PHASE_STRIP = NO;
				DEBUG_INFORMATION_FORMAT = dwarf;
				ENABLE_STRICT_OBJC_MSGSEND = YES;
				ENABLE_TESTABILITY = YES;
				GCC_C_LANGUAGE_STANDARD = gnu99;
				GCC_DYNAMIC_NO_PIC = NO;
				GCC_NO_COMMON_BLOCKS = YES;
				GCC_OPTIMIZATION_LEVEL = 0;
				GCC_PREPROCESSOR_DEFINITIONS = (
					"DEBUG=1",
					"$(inherited)",
				);
				GCC_WARN_64_TO_32_BIT_CONVERSION = YES;
				GCC_WARN_ABOUT_RETURN_TYPE = YES_ERROR;
				GCC_WARN_UNDECLARED_SELECTOR = YES;
				GCC_WARN_UNINITIALIZED_AUTOS = YES_AGGRESSIVE;
				GCC_WARN_UNUSED_FUNCTION = YES;
				GCC_WARN_UNUSED_VARIABLE = YES;
				IPHONEOS_DEPLOYMENT_TARGET = 9.3;
				MTL_ENABLE_DEBUG_INFO = YES;
				ONLY_ACTIVE_ARCH = YES;
				SDKROOT = iphoneos;
				SWIFT_OPTIMIZATION_LEVEL = "-Onone";
				TARGETED_DEVICE_FAMILY = "1,2";
			};
			name = Debug;
		};
		33123C911D7602C700C074D7 /* Release */ = {
			isa = XCBuildConfiguration;
			buildSettings = {
				ALWAYS_SEARCH_USER_PATHS = NO;
				CLANG_ANALYZER_NONNULL = YES;
				CLANG_CXX_LANGUAGE_STANDARD = "gnu++0x";
				CLANG_CXX_LIBRARY = "libc++";
				CLANG_ENABLE_MODULES = YES;
				CLANG_ENABLE_OBJC_ARC = YES;
				CLANG_WARN_BOOL_CONVERSION = YES;
				CLANG_WARN_CONSTANT_CONVERSION = YES;
				CLANG_WARN_DIRECT_OBJC_ISA_USAGE = YES_ERROR;
				CLANG_WARN_EMPTY_BODY = YES;
				CLANG_WARN_ENUM_CONVERSION = YES;
				CLANG_WARN_INT_CONVERSION = YES;
				CLANG_WARN_OBJC_ROOT_CLASS = YES_ERROR;
				CLANG_WARN_UNREACHABLE_CODE = YES;
				CLANG_WARN__DUPLICATE_METHOD_MATCH = YES;
				"CODE_SIGN_IDENTITY[sdk=iphoneos*]" = "iPhone Developer";
				COPY_PHASE_STRIP = NO;
				DEBUG_INFORMATION_FORMAT = "dwarf-with-dsym";
				ENABLE_NS_ASSERTIONS = NO;
				ENABLE_STRICT_OBJC_MSGSEND = YES;
				GCC_C_LANGUAGE_STANDARD = gnu99;
				GCC_NO_COMMON_BLOCKS = YES;
				GCC_WARN_64_TO_32_BIT_CONVERSION = YES;
				GCC_WARN_ABOUT_RETURN_TYPE = YES_ERROR;
				GCC_WARN_UNDECLARED_SELECTOR = YES;
				GCC_WARN_UNINITIALIZED_AUTOS = YES_AGGRESSIVE;
				GCC_WARN_UNUSED_FUNCTION = YES;
				GCC_WARN_UNUSED_VARIABLE = YES;
				IPHONEOS_DEPLOYMENT_TARGET = 9.3;
				MTL_ENABLE_DEBUG_INFO = NO;
				SDKROOT = iphoneos;
				TARGETED_DEVICE_FAMILY = "1,2";
				VALIDATE_PRODUCT = YES;
			};
			name = Release;
		};
		33123C931D7602C700C074D7 /* Debug */ = {
			isa = XCBuildConfiguration;
			buildSettings = {
				ASSETCATALOG_COMPILER_APPICON_NAME = AppIcon;
				INFOPLIST_FILE = TableViewInTableHeaderView/Info.plist;
				LD_RUNPATH_SEARCH_PATHS = "$(inherited) @executable_path/Frameworks";
				PRODUCT_BUNDLE_IDENTIFIER = com.alexeyivanov.TableViewInTableHeaderView;
				PRODUCT_NAME = "$(TARGET_NAME)";
			};
			name = Debug;
		};
		33123C941D7602C700C074D7 /* Release */ = {
			isa = XCBuildConfiguration;
			buildSettings = {
				ASSETCATALOG_COMPILER_APPICON_NAME = AppIcon;
				INFOPLIST_FILE = TableViewInTableHeaderView/Info.plist;
				LD_RUNPATH_SEARCH_PATHS = "$(inherited) @executable_path/Frameworks";
				PRODUCT_BUNDLE_IDENTIFIER = com.alexeyivanov.TableViewInTableHeaderView;
				PRODUCT_NAME = "$(TARGET_NAME)";
			};
			name = Release;
		};
/* End XCBuildConfiguration section */

/* Begin XCConfigurationList section */
		33123C7B1D7602C700C074D7 /* Build configuration list for PBXProject "TableViewInTableHeaderView" */ = {
			isa = XCConfigurationList;
			buildConfigurations = (
				33123C901D7602C700C074D7 /* Debug */,
				33123C911D7602C700C074D7 /* Release */,
			);
			defaultConfigurationIsVisible = 0;
			defaultConfigurationName = Release;
		};
		33123C921D7602C700C074D7 /* Build configuration list for PBXNativeTarget "TableViewInTableHeaderView" */ = {
			isa = XCConfigurationList;
			buildConfigurations = (
				33123C931D7602C700C074D7 /* Debug */,
				33123C941D7602C700C074D7 /* Release */,
			);
			defaultConfigurationIsVisible = 0;
		};
/* End XCConfigurationList section */
	};
	rootObject = 33123C781D7602C700C074D7 /* Project object */;
}
